
Microsoft Visual Studio Solution File, Format Version 12.00
# Visual Studio Version 16
VisualStudioVersion = 16.0.29728.190
MinimumVisualStudioVersion = 10.0.40219.1
Project("{FAE04EC0-301F-11D3-BF4B-00C04F79EFBC}") = "AspNetCore_Tempdata_ExceptionFilter", "AspNetCore_Tempdata_ExceptionFilter\AspNetCore_Tempdata_ExceptionFilter.csproj", "{90ADA9D6-5436-41C9-81ED-CA5D43AAB145}"
EndProject
Global
	GlobalSection(SolutionConfigurationPlatforms) = preSolution
		Debug|Any CPU = Debug|Any CPU
		Release|Any CPU = Release|Any CPU
	EndGlobalSection
	GlobalSection(ProjectConfigurationPlatforms) = postSolution
		{90ADA9D6-5436-41C9-81ED-CA5D43AAB145}.Debug|Any CPU.ActiveCfg = Debug|Any CPU
		{90ADA9D6-5436-41C9-81ED-CA5D43AAB145}.Debug|Any CPU.Build.0 = Debug|Any CPU
		{90ADA9D6-5436-41C9-81ED-CA5D43AAB145}.Release|Any CPU.ActiveCfg = Release|Any CPU
		{90ADA9D6-5436-41C9-81ED-CA5D43AAB145}.Release|Any CPU.Build.0 = Release|Any CPU
	EndGlobalSection
	GlobalSection(SolutionProperties) = preSolution
		HideSolutionNode = FALSE
	EndGlobalSection
	GlobalSection(ExtensibilityGlobals) = postSolution
		SolutionGuid = {776F201B-647D-407E-B8DE-508A8B242B3B}
	EndGlobalSection
EndGlobal
